
Microsoft Visual Studio Solution File, Format Version 12.00
# Visual Studio Version 16
VisualStudioVersion = 16.0.29306.81
MinimumVisualStudioVersion = 10.0.40219.1
Project("{9A19103F-16F7-4668-BE54-9A1E7A4F7556}") = "Penguin.Messaging.DependencyInjection", "Penguin.Messaging.DependencyInjection.csproj", "{8022C27A-7BA5-49A7-A03B-C032E2768D5F}"
EndProject
Global
	GlobalSection(SolutionConfigurationPlatforms) = preSolution
		Debug|Any CPU = Debug|Any CPU
		Release|Any CPU = Release|Any CPU
	EndGlobalSection
	GlobalSection(ProjectConfigurationPlatforms) = postSolution
		{8022C27A-7BA5-49A7-A03B-C032E2768D5F}.Debug|Any CPU.ActiveCfg = Debug|Any CPU
		{8022C27A-7BA5-49A7-A03B-C032E2768D5F}.Debug|Any CPU.Build.0 = Debug|Any CPU
		{8022C27A-7BA5-49A7-A03B-C032E2768D5F}.Release|Any CPU.ActiveCfg = Release|Any CPU
		{8022C27A-7BA5-49A7-A03B-C032E2768D5F}.Release|Any CPU.Build.0 = Release|Any CPU
	EndGlobalSection
	GlobalSection(SolutionProperties) = preSolution
		HideSolutionNode = FALSE
	EndGlobalSection
	GlobalSection(ExtensibilityGlobals) = postSolution
		SolutionGuid = {847EA900-A6E4-49D5-8529-7F32293A7685}
	EndGlobalSection
EndGlobal
